github.com/The-Tensox/protometry v0.0.0-20200329130950-c934b9e61afa h1:3t19oiUKE6RP0wha928ga8X0OGKGGRjB2kz5idhNjHU=
github.com/The-Tensox/protometry v0.0.0-20200329130950-c934b9e61afa/go.mod h1:VbYEXDN4pIGMe2wZ5dxVMXXdZl8bY7avbECj8JKxoJM=
github.com/The-Tensox/protometry v0.0.0-20200329160116-a97dbae83b93 h1:TQLM5kN9/eLkzCVvPE0QxjP6DdCRo6pR4Ann88+bH+g=
github.com/The-Tensox/protometry v0.0.0-20200329160116-a97dbae83b93/go.mod h1:VbYEXDN4pIGMe2wZ5dxVMXXdZl8bY7avbECj8JKxoJM=
github.com/The-Tensox/protometry v0.0.0-20200402182624-0a8c69d9271d h1:JhweHigmkKysV3i/VsRiIpmxcS/bHETzZELppQtEsPA=
github.com/The-Tensox/protometry v0.0.0-20200402182624-0a8c69d9271d/go.mod h1:VbYEXDN4pIGMe2wZ5dxVMXXdZl8bY7avbECj8JKxoJM=
github.com/davecgh/go-spew v1.1.0/go.mod h1:J7Y8YcW2NihsgmVo/mv3lAwl/skON4iLHjSsI+c5H38=
github.com/golang/protobuf v1.3.4 h1:87PNWwrRvUSnqS4dlcBU/ftvOIBep4sYuBLlh6rX2wk=
github.com/golang/protobuf v1.3.4/go.mod h1:vzj43D7+SQXF/4pzW/hwtAqwc6iTitCiVSaWz5lYuqw=
github.com/golang/protobuf v1.3.5 h1:F768QJ1E9tib+q5Sc8MkdJi1RxLTbRcTf8LJV56aRls=
github.com/golang/protobuf v1.3.5/go.mod h1:6O5/vntMXwX2lRkT1hjjk0nAC1IDOTvTlVgjlRvqsdk=
github.com/pmezard/go-difflib v1.0.0/go.mod h1:iKH77koFhYxTK1pcRnkKkqfTogsbg7gZNVY4sRDYZ/4=
github.com/stretchr/objx v0.1.0/go.mod h1:HFkY916IF+rwdDfMAkV7OtwuqBVzrE8GR6GFx+wExME=
github.com/stretchr/testify v1.5.1/go.mod h1:5W2xD1RspED5o8YsWQXVCued0rvSQ+mT+I5cxcmMvtA=
gopkg.in/check.v1 v0.0.0-20161208181325-20d25e280405/go.mod h1:Co6ibVJAznAaIkqp8huTwlJQCZ016jof/cbN4VW5Yz0=
gopkg.in/yaml.v2 v2.2.2/go.mod h1:hI93XBmqTisBFMUTm0b8Fm+jr3Dg1NNxqwp+5A1VGuI=
